// !$*UTF8*$!
{
	archiveVersion = 1;
	classes = {
	};
	objectVersion = 46;
	objects = {

/* Begin PBXBuildFile section */
		82171B491BCBBAA3006F7E1D /* AppDelegate.swift in Sources */ = {isa = PBXBuildFile; fileRef = 82171B481BCBBAA3006F7E1D /* AppDelegate.swift */; };
		82171B4B1BCBBAA3006F7E1D /* ViewController.swift in Sources */ = {isa = PBXBuildFile; fileRef = 82171B4A1BCBBAA3006F7E1D /* ViewController.swift */; };
		82171B4E1BCBBAA3006F7E1D /* Main.storyboard in Resources */ = {isa = PBXBuildFile; fileRef = 82171B4C1BCBBAA3006F7E1D /* Main.storyboard */; };
		82171B501BCBBAA3006F7E1D /* Assets.xcassets in Resources */ = {isa = PBXBuildFile; fileRef = 82171B4F1BCBBAA3006F7E1D /* Assets.xcassets */; };
		82171B531BCBBAA3006F7E1D /* LaunchScreen.storyboard in Resources */ = {isa = PBXBuildFile; fileRef = 82171B511BCBBAA3006F7E1D /* LaunchScreen.storyboard */; };
		82171B5F1BCBBB8F006F7E1D /* SocialAgent.swift in Sources */ = {isa = PBXBuildFile; fileRef = 82171B5E1BCBBB8F006F7E1D /* SocialAgent.swift */; settings = {ASSET_TAGS = (); }; };
		82171B611BCBBBDE006F7E1D /* SocialAgentDelegate.swift in Sources */ = {isa = PBXBuildFile; fileRef = 82171B601BCBBBDE006F7E1D /* SocialAgentDelegate.swift */; settings = {ASSET_TAGS = (); }; };
		82171B6E1BCBE8A4006F7E1D /* FacebookAgent.swift in Sources */ = {isa = PBXBuildFile; fileRef = 82171B681BCBE8A4006F7E1D /* FacebookAgent.swift */; settings = {ASSET_TAGS = (); }; };
		82171B6F1BCBE8A4006F7E1D /* InstagramAgent.swift in Sources */ = {isa = PBXBuildFile; fileRef = 82171B6A1BCBE8A4006F7E1D /* InstagramAgent.swift */; settings = {ASSET_TAGS = (); }; };
		82171B701BCBE8A4006F7E1D /* TwitterAgent.swift in Sources */ = {isa = PBXBuildFile; fileRef = 82171B6C1BCBE8A4006F7E1D /* TwitterAgent.swift */; settings = {ASSET_TAGS = (); }; };
		82171B721BCBE8BD006F7E1D /* YoutubeAgent.swift in Sources */ = {isa = PBXBuildFile; fileRef = 82171B711BCBE8BD006F7E1D /* YoutubeAgent.swift */; settings = {ASSET_TAGS = (); }; };
		82171B751BCBE934006F7E1D /* SocialAgentConstants.swift in Sources */ = {isa = PBXBuildFile; fileRef = 82171B741BCBE934006F7E1D /* SocialAgentConstants.swift */; settings = {ASSET_TAGS = (); }; };
		82171B771BCBE95F006F7E1D /* SocialAgentSettings.swift in Sources */ = {isa = PBXBuildFile; fileRef = 82171B761BCBE95F006F7E1D /* SocialAgentSettings.swift */; settings = {ASSET_TAGS = (); }; };
		82171B811BCBECC4006F7E1D /* FacebookSDKStrings.bundle in Resources */ = {isa = PBXBuildFile; fileRef = 82171B791BCBECC4006F7E1D /* FacebookSDKStrings.bundle */; settings = {ASSET_TAGS = (); }; };
		82171B821BCBECC4006F7E1D /* FBAudienceNetwork.framework in Frameworks */ = {isa = PBXBuildFile; fileRef = 82171B7A1BCBECC4006F7E1D /* FBAudienceNetwork.framework */; settings = {ASSET_TAGS = (); }; };
		82171B831BCBECC4006F7E1D /* FBSDKCoreKit.framework in Frameworks */ = {isa = PBXBuildFile; fileRef = 82171B7B1BCBECC4006F7E1D /* FBSDKCoreKit.framework */; settings = {ASSET_TAGS = (); }; };
		82171B841BCBECC4006F7E1D /* FBSDKLoginKit.framework in Frameworks */ = {isa = PBXBuildFile; fileRef = 82171B7C1BCBECC4006F7E1D /* FBSDKLoginKit.framework */; settings = {ASSET_TAGS = (); }; };
		82171B851BCBECC4006F7E1D /* FBSDKMessengerShareKit.framework in Frameworks */ = {isa = PBXBuildFile; fileRef = 82171B7D1BCBECC4006F7E1D /* FBSDKMessengerShareKit.framework */; settings = {ASSET_TAGS = (); }; };
		82171B861BCBECC4006F7E1D /* FBSDKShareKit.framework in Frameworks */ = {isa = PBXBuildFile; fileRef = 82171B7E1BCBECC4006F7E1D /* FBSDKShareKit.framework */; settings = {ASSET_TAGS = (); }; };
		82171B871BCBECC4006F7E1D /* LICENSE.txt in Resources */ = {isa = PBXBuildFile; fileRef = 82171B7F1BCBECC4006F7E1D /* LICENSE.txt */; settings = {ASSET_TAGS = (); }; };
		82171B881BCBECC4006F7E1D /* README.txt in Resources */ = {isa = PBXBuildFile; fileRef = 82171B801BCBECC4006F7E1D /* README.txt */; settings = {ASSET_TAGS = (); }; };
		826CF9D21BCFCBBC0082C748 /* SocialAgentLoginView.xib in Resources */ = {isa = PBXBuildFile; fileRef = 826CF9D11BCFCBBC0082C748 /* SocialAgentLoginView.xib */; settings = {ASSET_TAGS = (); }; };
		826CF9D41BCFCEA70082C748 /* close_icon.png in Resources */ = {isa = PBXBuildFile; fileRef = 826CF9D31BCFCEA70082C748 /* close_icon.png */; settings = {ASSET_TAGS = (); }; };
		826CF9D61BCFCF860082C748 /* SocialAgentLoginView.swift in Sources */ = {isa = PBXBuildFile; fileRef = 826CF9D51BCFCF860082C748 /* SocialAgentLoginView.swift */; settings = {ASSET_TAGS = (); }; };
		827ADCDA1BCCE5BD00E97362 /* SocialAgentDelegateExtension.swift in Sources */ = {isa = PBXBuildFile; fileRef = 827ADCD91BCCE5BD00E97362 /* SocialAgentDelegateExtension.swift */; settings = {ASSET_TAGS = (); }; };
		C962F1931BCE9E0C008E294E /* NSDateFormatter+STTwitter.m in Sources */ = {isa = PBXBuildFile; fileRef = C962F1741BCE9E0C008E294E /* NSDateFormatter+STTwitter.m */; settings = {ASSET_TAGS = (); }; };
		C962F1941BCE9E0C008E294E /* NSError+STTwitter.m in Sources */ = {isa = PBXBuildFile; fileRef = C962F1761BCE9E0C008E294E /* NSError+STTwitter.m */; settings = {ASSET_TAGS = (); }; };
		C962F1951BCE9E0C008E294E /* NSString+STTwitter.m in Sources */ = {isa = PBXBuildFile; fileRef = C962F1781BCE9E0C008E294E /* NSString+STTwitter.m */; settings = {ASSET_TAGS = (); }; };
		C962F1961BCE9E0C008E294E /* STHTTPRequest+STTwitter.m in Sources */ = {isa = PBXBuildFile; fileRef = C962F17A1BCE9E0C008E294E /* STHTTPRequest+STTwitter.m */; settings = {ASSET_TAGS = (); }; };
		C962F1971BCE9E0C008E294E /* STTwitterAPI.m in Sources */ = {isa = PBXBuildFile; fileRef = C962F17D1BCE9E0C008E294E /* STTwitterAPI.m */; settings = {ASSET_TAGS = (); }; };
		C962F1981BCE9E0C008E294E /* STTwitterAppOnly.m in Sources */ = {isa = PBXBuildFile; fileRef = C962F17F1BCE9E0C008E294E /* STTwitterAppOnly.m */; settings = {ASSET_TAGS = (); }; };
		C962F1991BCE9E0C008E294E /* STTwitterHTML.m in Sources */ = {isa = PBXBuildFile; fileRef = C962F1811BCE9E0C008E294E /* STTwitterHTML.m */; settings = {ASSET_TAGS = (); }; };
		C962F19A1BCE9E0C008E294E /* STTwitterOAuth.m in Sources */ = {isa = PBXBuildFile; fileRef = C962F1831BCE9E0C008E294E /* STTwitterOAuth.m */; settings = {ASSET_TAGS = (); }; };
		C962F19B1BCE9E0C008E294E /* STTwitterOS.m in Sources */ = {isa = PBXBuildFile; fileRef = C962F1851BCE9E0C008E294E /* STTwitterOS.m */; settings = {ASSET_TAGS = (); }; };
		C962F19C1BCE9E0C008E294E /* STTwitterOSRequest.m in Sources */ = {isa = PBXBuildFile; fileRef = C962F1871BCE9E0C008E294E /* STTwitterOSRequest.m */; settings = {ASSET_TAGS = (); }; };
		C962F19D1BCE9E0C008E294E /* STTwitterStreamParser.m in Sources */ = {isa = PBXBuildFile; fileRef = C962F18B1BCE9E0C008E294E /* STTwitterStreamParser.m */; settings = {ASSET_TAGS = (); }; };
		C962F19E1BCE9E0C008E294E /* BAVPlistNode.m in Sources */ = {isa = PBXBuildFile; fileRef = C962F18E1BCE9E0C008E294E /* BAVPlistNode.m */; settings = {ASSET_TAGS = (); }; };
		C962F19F1BCE9E0C008E294E /* JSONSyntaxHighlight.m in Sources */ = {isa = PBXBuildFile; fileRef = C962F1901BCE9E0C008E294E /* JSONSyntaxHighlight.m */; settings = {ASSET_TAGS = (); }; };
		C962F1A01BCE9E0C008E294E /* STHTTPRequest.m in Sources */ = {isa = PBXBuildFile; fileRef = C962F1921BCE9E0C008E294E /* STHTTPRequest.m */; settings = {ASSET_TAGS = (); }; };
		C9C47D971BCCFC100000DBC9 /* SocialAgentPersistanceConstants.swift in Sources */ = {isa = PBXBuildFile; fileRef = C9C47D961BCCFC100000DBC9 /* SocialAgentPersistanceConstants.swift */; settings = {ASSET_TAGS = (); }; };
		C9C47D991BCCFC620000DBC9 /* SocialAgentUserModel.swift in Sources */ = {isa = PBXBuildFile; fileRef = C9C47D981BCCFC620000DBC9 /* SocialAgentUserModel.swift */; settings = {ASSET_TAGS = (); }; };
		C9C47D9B1BCD295E0000DBC9 /* LoginDelegate.swift in Sources */ = {isa = PBXBuildFile; fileRef = C9C47D9A1BCD295E0000DBC9 /* LoginDelegate.swift */; settings = {ASSET_TAGS = (); }; };
/* End PBXBuildFile section */

/* Begin PBXFileReference section */
		82171B451BCBBAA3006F7E1D /* SocialAgentDemoApp.app */ = {isa = PBXFileReference; explicitFileType = wrapper.application; includeInIndex = 0; path = SocialAgentDemoApp.app; sourceTree = BUILT_PRODUCTS_DIR; };
		82171B481BCBBAA3006F7E1D /* AppDelegate.swift */ = {isa = PBXFileReference; lastKnownFileType = sourcecode.swift; path = AppDelegate.swift; sourceTree = "<group>"; };
		82171B4A1BCBBAA3006F7E1D /* ViewController.swift */ = {isa = PBXFileReference; lastKnownFileType = sourcecode.swift; path = ViewController.swift; sourceTree = "<group>"; };
		82171B4D1BCBBAA3006F7E1D /* Base */ = {isa = PBXFileReference; lastKnownFileType = file.storyboard; name = Base; path = Base.lproj/Main.storyboard; sourceTree = "<group>"; };
		82171B4F1BCBBAA3006F7E1D /* Assets.xcassets */ = {isa = PBXFileReference; lastKnownFileType = folder.assetcatalog; path = Assets.xcassets; sourceTree = "<group>"; };
		82171B521BCBBAA3006F7E1D /* Base */ = {isa = PBXFileReference; lastKnownFileType = file.storyboard; name = Base; path = Base.lproj/LaunchScreen.storyboard; sourceTree = "<group>"; };
		82171B541BCBBAA3006F7E1D /* Info.plist */ = {isa = PBXFileReference; lastKnownFileType = text.plist.xml; path = Info.plist; sourceTree = "<group>"; };
		82171B5E1BCBBB8F006F7E1D /* SocialAgent.swift */ = {isa = PBXFileReference; fileEncoding = 4; lastKnownFileType = sourcecode.swift; path = SocialAgent.swift; sourceTree = "<group>"; };
		82171B601BCBBBDE006F7E1D /* SocialAgentDelegate.swift */ = {isa = PBXFileReference; fileEncoding = 4; lastKnownFileType = sourcecode.swift; path = SocialAgentDelegate.swift; sourceTree = "<group>"; };
		82171B681BCBE8A4006F7E1D /* FacebookAgent.swift */ = {isa = PBXFileReference; fileEncoding = 4; lastKnownFileType = sourcecode.swift; path = FacebookAgent.swift; sourceTree = "<group>"; };
		82171B6A1BCBE8A4006F7E1D /* InstagramAgent.swift */ = {isa = PBXFileReference; fileEncoding = 4; lastKnownFileType = sourcecode.swift; path = InstagramAgent.swift; sourceTree = "<group>"; };
		82171B6C1BCBE8A4006F7E1D /* TwitterAgent.swift */ = {isa = PBXFileReference; fileEncoding = 4; lastKnownFileType = sourcecode.swift; path = TwitterAgent.swift; sourceTree = "<group>"; };
		82171B711BCBE8BD006F7E1D /* YoutubeAgent.swift */ = {isa = PBXFileReference; fileEncoding = 4; lastKnownFileType = sourcecode.swift; path = YoutubeAgent.swift; sourceTree = "<group>"; };
		82171B741BCBE934006F7E1D /* SocialAgentConstants.swift */ = {isa = PBXFileReference; fileEncoding = 4; lastKnownFileType = sourcecode.swift; path = SocialAgentConstants.swift; sourceTree = "<group>"; };
		82171B761BCBE95F006F7E1D /* SocialAgentSettings.swift */ = {isa = PBXFileReference; fileEncoding = 4; lastKnownFileType = sourcecode.swift; path = SocialAgentSettings.swift; sourceTree = "<group>"; };
		82171B791BCBECC4006F7E1D /* FacebookSDKStrings.bundle */ = {isa = PBXFileReference; lastKnownFileType = "wrapper.plug-in"; path = FacebookSDKStrings.bundle; sourceTree = "<group>"; };
		82171B7A1BCBECC4006F7E1D /* FBAudienceNetwork.framework */ = {isa = PBXFileReference; lastKnownFileType = wrapper.framework; path = FBAudienceNetwork.framework; sourceTree = "<group>"; };
		82171B7B1BCBECC4006F7E1D /* FBSDKCoreKit.framework */ = {isa = PBXFileReference; lastKnownFileType = wrapper.framework; path = FBSDKCoreKit.framework; sourceTree = "<group>"; };
		82171B7C1BCBECC4006F7E1D /* FBSDKLoginKit.framework */ = {isa = PBXFileReference; lastKnownFileType = wrapper.framework; path = FBSDKLoginKit.framework; sourceTree = "<group>"; };
		82171B7D1BCBECC4006F7E1D /* FBSDKMessengerShareKit.framework */ = {isa = PBXFileReference; lastKnownFileType = wrapper.framework; path = FBSDKMessengerShareKit.framework; sourceTree = "<group>"; };
		82171B7E1BCBECC4006F7E1D /* FBSDKShareKit.framework */ = {isa = PBXFileReference; lastKnownFileType = wrapper.framework; path = FBSDKShareKit.framework; sourceTree = "<group>"; };
		82171B7F1BCBECC4006F7E1D /* LICENSE.txt */ = {isa = PBXFileReference; fileEncoding = 4; lastKnownFileType = text; path = LICENSE.txt; sourceTree = "<group>"; };
		82171B801BCBECC4006F7E1D /* README.txt */ = {isa = PBXFileReference; fileEncoding = 4; lastKnownFileType = text; path = README.txt; sourceTree = "<group>"; };
		826CF9D11BCFCBBC0082C748 /* SocialAgentLoginView.xib */ = {isa = PBXFileReference; fileEncoding = 4; lastKnownFileType = file.xib; path = SocialAgentLoginView.xib; sourceTree = "<group>"; };
		826CF9D31BCFCEA70082C748 /* close_icon.png */ = {isa = PBXFileReference; lastKnownFileType = image.png; path = close_icon.png; sourceTree = "<group>"; };
		826CF9D51BCFCF860082C748 /* SocialAgentLoginView.swift */ = {isa = PBXFileReference; fileEncoding = 4; lastKnownFileType = sourcecode.swift; path = SocialAgentLoginView.swift; sourceTree = "<group>"; };
		827ADCD51BCCE1A800E97362 /* SocialAgentDemoApp-Bridging-Header.h */ = {isa = PBXFileReference; lastKnownFileType = sourcecode.c.h; path = "SocialAgentDemoApp-Bridging-Header.h"; sourceTree = "<group>"; };
		827ADCD91BCCE5BD00E97362 /* SocialAgentDelegateExtension.swift */ = {isa = PBXFileReference; fileEncoding = 4; lastKnownFileType = sourcecode.swift; path = SocialAgentDelegateExtension.swift; sourceTree = "<group>"; };
		C962F1731BCE9E0C008E294E /* NSDateFormatter+STTwitter.h */ = {isa = PBXFileReference; fileEncoding = 4; lastKnownFileType = sourcecode.c.h; path = "NSDateFormatter+STTwitter.h"; sourceTree = "<group>"; };
		C962F1741BCE9E0C008E294E /* NSDateFormatter+STTwitter.m */ = {isa = PBXFileReference; fileEncoding = 4; lastKnownFileType = sourcecode.c.objc; path = "NSDateFormatter+STTwitter.m"; sourceTree = "<group>"; };
		C962F1751BCE9E0C008E294E /* NSError+STTwitter.h */ = {isa = PBXFileReference; fileEncoding = 4; lastKnownFileType = sourcecode.c.h; path = "NSError+STTwitter.h"; sourceTree = "<group>"; };
		C962F1761BCE9E0C008E294E /* NSError+STTwitter.m */ = {isa = PBXFileReference; fileEncoding = 4; lastKnownFileType = sourcecode.c.objc; path = "NSError+STTwitter.m"; sourceTree = "<group>"; };
		C962F1771BCE9E0C008E294E /* NSString+STTwitter.h */ = {isa = PBXFileReference; fileEncoding = 4; lastKnownFileType = sourcecode.c.h; path = "NSString+STTwitter.h"; sourceTree = "<group>"; };
		C962F1781BCE9E0C008E294E /* NSString+STTwitter.m */ = {isa = PBXFileReference; fileEncoding = 4; lastKnownFileType = sourcecode.c.objc; path = "NSString+STTwitter.m"; sourceTree = "<group>"; };
		C962F1791BCE9E0C008E294E /* STHTTPRequest+STTwitter.h */ = {isa = PBXFileReference; fileEncoding = 4; lastKnownFileType = sourcecode.c.h; path = "STHTTPRequest+STTwitter.h"; sourceTree = "<group>"; };
		C962F17A1BCE9E0C008E294E /* STHTTPRequest+STTwitter.m */ = {isa = PBXFileReference; fileEncoding = 4; lastKnownFileType = sourcecode.c.objc; path = "STHTTPRequest+STTwitter.m"; sourceTree = "<group>"; };
		C962F17B1BCE9E0C008E294E /* STTwitter.h */ = {isa = PBXFileReference; fileEncoding = 4; lastKnownFileType = sourcecode.c.h; path = STTwitter.h; sourceTree = "<group>"; };
		C962F17C1BCE9E0C008E294E /* STTwitterAPI.h */ = {isa = PBXFileReference; fileEncoding = 4; lastKnownFileType = sourcecode.c.h; path = STTwitterAPI.h; sourceTree = "<group>"; };
		C962F17D1BCE9E0C008E294E /* STTwitterAPI.m */ = {isa = PBXFileReference; fileEncoding = 4; lastKnownFileType = sourcecode.c.objc; path = STTwitterAPI.m; sourceTree = "<group>"; };
		C962F17E1BCE9E0C008E294E /* STTwitterAppOnly.h */ = {isa = PBXFileReference; fileEncoding = 4; lastKnownFileType = sourcecode.c.h; path = STTwitterAppOnly.h; sourceTree = "<group>"; };
		C962F17F1BCE9E0C008E294E /* STTwitterAppOnly.m */ = {isa = PBXFileReference; fileEncoding = 4; lastKnownFileType = sourcecode.c.objc; path = STTwitterAppOnly.m; sourceTree = "<group>"; };
		C962F1801BCE9E0C008E294E /* STTwitterHTML.h */ = {isa = PBXFileReference; fileEncoding = 4; lastKnownFileType = sourcecode.c.h; path = STTwitterHTML.h; sourceTree = "<group>"; };
		C962F1811BCE9E0C008E294E /* STTwitterHTML.m */ = {isa = PBXFileReference; fileEncoding = 4; lastKnownFileType = sourcecode.c.objc; path = STTwitterHTML.m; sourceTree = "<group>"; };
		C962F1821BCE9E0C008E294E /* STTwitterOAuth.h */ = {isa = PBXFileReference; fileEncoding = 4; lastKnownFileType = sourcecode.c.h; path = STTwitterOAuth.h; sourceTree = "<group>"; };
		C962F1831BCE9E0C008E294E /* STTwitterOAuth.m */ = {isa = PBXFileReference; fileEncoding = 4; lastKnownFileType = sourcecode.c.objc; path = STTwitterOAuth.m; sourceTree = "<group>"; };
		C962F1841BCE9E0C008E294E /* STTwitterOS.h */ = {isa = PBXFileReference; fileEncoding = 4; lastKnownFileType = sourcecode.c.h; path = STTwitterOS.h; sourceTree = "<group>"; };
		C962F1851BCE9E0C008E294E /* STTwitterOS.m */ = {isa = PBXFileReference; fileEncoding = 4; lastKnownFileType = sourcecode.c.objc; path = STTwitterOS.m; sourceTree = "<group>"; };
		C962F1861BCE9E0C008E294E /* STTwitterOSRequest.h */ = {isa = PBXFileReference; fileEncoding = 4; lastKnownFileType = sourcecode.c.h; path = STTwitterOSRequest.h; sourceTree = "<group>"; };
		C962F1871BCE9E0C008E294E /* STTwitterOSRequest.m */ = {isa = PBXFileReference; fileEncoding = 4; lastKnownFileType = sourcecode.c.objc; path = STTwitterOSRequest.m; sourceTree = "<group>"; };
		C962F1881BCE9E0C008E294E /* STTwitterProtocol.h */ = {isa = PBXFileReference; fileEncoding = 4; lastKnownFileType = sourcecode.c.h; path = STTwitterProtocol.h; sourceTree = "<group>"; };
		C962F1891BCE9E0C008E294E /* STTwitterRequestProtocol.h */ = {isa = PBXFileReference; fileEncoding = 4; lastKnownFileType = sourcecode.c.h; path = STTwitterRequestProtocol.h; sourceTree = "<group>"; };
		C962F18A1BCE9E0C008E294E /* STTwitterStreamParser.h */ = {isa = PBXFileReference; fileEncoding = 4; lastKnownFileType = sourcecode.c.h; path = STTwitterStreamParser.h; sourceTree = "<group>"; };
		C962F18B1BCE9E0C008E294E /* STTwitterStreamParser.m */ = {isa = PBXFileReference; fileEncoding = 4; lastKnownFileType = sourcecode.c.objc; path = STTwitterStreamParser.m; sourceTree = "<group>"; };
		C962F18D1BCE9E0C008E294E /* BAVPlistNode.h */ = {isa = PBXFileReference; fileEncoding = 4; lastKnownFileType = sourcecode.c.h; path = BAVPlistNode.h; sourceTree = "<group>"; };
		C962F18E1BCE9E0C008E294E /* BAVPlistNode.m */ = {isa = PBXFileReference; fileEncoding = 4; lastKnownFileType = sourcecode.c.objc; path = BAVPlistNode.m; sourceTree = "<group>"; };
		C962F18F1BCE9E0C008E294E /* JSONSyntaxHighlight.h */ = {isa = PBXFileReference; fileEncoding = 4; lastKnownFileType = sourcecode.c.h; path = JSONSyntaxHighlight.h; sourceTree = "<group>"; };
		C962F1901BCE9E0C008E294E /* JSONSyntaxHighlight.m */ = {isa = PBXFileReference; fileEncoding = 4; lastKnownFileType = sourcecode.c.objc; path = JSONSyntaxHighlight.m; sourceTree = "<group>"; };
		C962F1911BCE9E0C008E294E /* STHTTPRequest.h */ = {isa = PBXFileReference; fileEncoding = 4; lastKnownFileType = sourcecode.c.h; path = STHTTPRequest.h; sourceTree = "<group>"; };
		C962F1921BCE9E0C008E294E /* STHTTPRequest.m */ = {isa = PBXFileReference; fileEncoding = 4; lastKnownFileType = sourcecode.c.objc; path = STHTTPRequest.m; sourceTree = "<group>"; };
		C9C47D961BCCFC100000DBC9 /* SocialAgentPersistanceConstants.swift */ = {isa = PBXFileReference; fileEncoding = 4; lastKnownFileType = sourcecode.swift; path = SocialAgentPersistanceConstants.swift; sourceTree = "<group>"; };
		C9C47D981BCCFC620000DBC9 /* SocialAgentUserModel.swift */ = {isa = PBXFileReference; fileEncoding = 4; lastKnownFileType = sourcecode.swift; path = SocialAgentUserModel.swift; sourceTree = "<group>"; };
		C9C47D9A1BCD295E0000DBC9 /* LoginDelegate.swift */ = {isa = PBXFileReference; fileEncoding = 4; lastKnownFileType = sourcecode.swift; path = LoginDelegate.swift; sourceTree = "<group>"; };
/* End PBXFileReference section */

/* Begin PBXFrameworksBuildPhase section */
		82171B421BCBBAA3006F7E1D /* Frameworks */ = {
			isa = PBXFrameworksBuildPhase;
			buildActionMask = 2147483647;
			files = (
				82171B851BCBECC4006F7E1D /* FBSDKMessengerShareKit.framework in Frameworks */,
				82171B821BCBECC4006F7E1D /* FBAudienceNetwork.framework in Frameworks */,
				82171B861BCBECC4006F7E1D /* FBSDKShareKit.framework in Frameworks */,
				82171B831BCBECC4006F7E1D /* FBSDKCoreKit.framework in Frameworks */,
				82171B841BCBECC4006F7E1D /* FBSDKLoginKit.framework in Frameworks */,
			);
			runOnlyForDeploymentPostprocessing = 0;
		};
/* End PBXFrameworksBuildPhase section */

/* Begin PBXGroup section */
		82171B3C1BCBBAA3006F7E1D = {
			isa = PBXGroup;
			children = (
				82171B471BCBBAA3006F7E1D /* SocialAgentDemoApp */,
				82171B461BCBBAA3006F7E1D /* Products */,
			);
			sourceTree = "<group>";
		};
		82171B461BCBBAA3006F7E1D /* Products */ = {
			isa = PBXGroup;
			children = (
				82171B451BCBBAA3006F7E1D /* SocialAgentDemoApp.app */,
			);
			name = Products;
			sourceTree = "<group>";
		};
		82171B471BCBBAA3006F7E1D /* SocialAgentDemoApp */ = {
			isa = PBXGroup;
			children = (
				82171B481BCBBAA3006F7E1D /* AppDelegate.swift */,
				82171B4A1BCBBAA3006F7E1D /* ViewController.swift */,
				82171B5D1BCBBB69006F7E1D /* SocialAgentSDK */,
				82171B4C1BCBBAA3006F7E1D /* Main.storyboard */,
				82171B4F1BCBBAA3006F7E1D /* Assets.xcassets */,
				82171B511BCBBAA3006F7E1D /* LaunchScreen.storyboard */,
				82171B541BCBBAA3006F7E1D /* Info.plist */,
				827ADCD51BCCE1A800E97362 /* SocialAgentDemoApp-Bridging-Header.h */,
			);
			path = SocialAgentDemoApp;
			sourceTree = "<group>";
		};
		82171B5D1BCBBB69006F7E1D /* SocialAgentSDK */ = {
			isa = PBXGroup;
			children = (
				82171B5E1BCBBB8F006F7E1D /* SocialAgent.swift */,
				82171B601BCBBBDE006F7E1D /* SocialAgentDelegate.swift */,
				827ADCD91BCCE5BD00E97362 /* SocialAgentDelegateExtension.swift */,
				C9C47D961BCCFC100000DBC9 /* SocialAgentPersistanceConstants.swift */,
				C9C47D981BCCFC620000DBC9 /* SocialAgentUserModel.swift */,
				82171B731BCBE904006F7E1D /* SocialAgent_Utilities */,
				82171B671BCBE8A4006F7E1D /* Facebook */,
				82171B6B1BCBE8A4006F7E1D /* Twitter */,
				82171B691BCBE8A4006F7E1D /* Instagram */,
				82171B6D1BCBE8A4006F7E1D /* Youtube */,
			);
			name = SocialAgentSDK;
			path = ../../SocialAgentSDK;
			sourceTree = "<group>";
		};
		82171B671BCBE8A4006F7E1D /* Facebook */ = {
			isa = PBXGroup;
			children = (
				82171B681BCBE8A4006F7E1D /* FacebookAgent.swift */,
				82171B781BCBECC4006F7E1D /* FacebookSdk */,
			);
			path = Facebook;
			sourceTree = "<group>";
		};
		82171B691BCBE8A4006F7E1D /* Instagram */ = {
			isa = PBXGroup;
			children = (
				82171B6A1BCBE8A4006F7E1D /* InstagramAgent.swift */,
			);
			path = Instagram;
			sourceTree = "<group>";
		};
		82171B6B1BCBE8A4006F7E1D /* Twitter */ = {
			isa = PBXGroup;
			children = (
				82171B891BCBECE9006F7E1D /* TwitterSdk */,
				82171B6C1BCBE8A4006F7E1D /* TwitterAgent.swift */,
			);
			path = Twitter;
			sourceTree = "<group>";
		};
		82171B6D1BCBE8A4006F7E1D /* Youtube */ = {
			isa = PBXGroup;
			children = (
				82171B711BCBE8BD006F7E1D /* YoutubeAgent.swift */,
			);
			path = Youtube;
			sourceTree = "<group>";
		};
		82171B731BCBE904006F7E1D /* SocialAgent_Utilities */ = {
			isa = PBXGroup;
			children = (
				826CF9D31BCFCEA70082C748 /* close_icon.png */,
				826CF9D11BCFCBBC0082C748 /* SocialAgentLoginView.xib */,
				826CF9D51BCFCF860082C748 /* SocialAgentLoginView.swift */,
				82171B741BCBE934006F7E1D /* SocialAgentConstants.swift */,
				82171B761BCBE95F006F7E1D /* SocialAgentSettings.swift */,
				C9C47D9A1BCD295E0000DBC9 /* LoginDelegate.swift */,
			);
			path = SocialAgent_Utilities;
			sourceTree = "<group>";
		};
		82171B781BCBECC4006F7E1D /* FacebookSdk */ = {
			isa = PBXGroup;
			children = (
				82171B791BCBECC4006F7E1D /* FacebookSDKStrings.bundle */,
				82171B7A1BCBECC4006F7E1D /* FBAudienceNetwork.framework */,
				82171B7B1BCBECC4006F7E1D /* FBSDKCoreKit.framework */,
				82171B7C1BCBECC4006F7E1D /* FBSDKLoginKit.framework */,
				82171B7D1BCBECC4006F7E1D /* FBSDKMessengerShareKit.framework */,
				82171B7E1BCBECC4006F7E1D /* FBSDKShareKit.framework */,
				82171B7F1BCBECC4006F7E1D /* LICENSE.txt */,
				82171B801BCBECC4006F7E1D /* README.txt */,
			);
			path = FacebookSdk;
			sourceTree = "<group>";
		};
		82171B891BCBECE9006F7E1D /* TwitterSdk */ = {
			isa = PBXGroup;
			children = (
				C962F1721BCE9E0C008E294E /* STTwitter */,
			);
			path = TwitterSdk;
			sourceTree = "<group>";
		};
		C962F1721BCE9E0C008E294E /* STTwitter */ = {
			isa = PBXGroup;
			children = (
				C962F1731BCE9E0C008E294E /* NSDateFormatter+STTwitter.h */,
				C962F1741BCE9E0C008E294E /* NSDateFormatter+STTwitter.m */,
				C962F1751BCE9E0C008E294E /* NSError+STTwitter.h */,
				C962F1761BCE9E0C008E294E /* NSError+STTwitter.m */,
				C962F1771BCE9E0C008E294E /* NSString+STTwitter.h */,
				C962F1781BCE9E0C008E294E /* NSString+STTwitter.m */,
				C962F1791BCE9E0C008E294E /* STHTTPRequest+STTwitter.h */,
				C962F17A1BCE9E0C008E294E /* STHTTPRequest+STTwitter.m */,
				C962F17B1BCE9E0C008E294E /* STTwitter.h */,
				C962F17C1BCE9E0C008E294E /* STTwitterAPI.h */,
				C962F17D1BCE9E0C008E294E /* STTwitterAPI.m */,
				C962F17E1BCE9E0C008E294E /* STTwitterAppOnly.h */,
				C962F17F1BCE9E0C008E294E /* STTwitterAppOnly.m */,
				C962F1801BCE9E0C008E294E /* STTwitterHTML.h */,
				C962F1811BCE9E0C008E294E /* STTwitterHTML.m */,
				C962F1821BCE9E0C008E294E /* STTwitterOAuth.h */,
				C962F1831BCE9E0C008E294E /* STTwitterOAuth.m */,
				C962F1841BCE9E0C008E294E /* STTwitterOS.h */,
				C962F1851BCE9E0C008E294E /* STTwitterOS.m */,
				C962F1861BCE9E0C008E294E /* STTwitterOSRequest.h */,
				C962F1871BCE9E0C008E294E /* STTwitterOSRequest.m */,
				C962F1881BCE9E0C008E294E /* STTwitterProtocol.h */,
				C962F1891BCE9E0C008E294E /* STTwitterRequestProtocol.h */,
				C962F18A1BCE9E0C008E294E /* STTwitterStreamParser.h */,
				C962F18B1BCE9E0C008E294E /* STTwitterStreamParser.m */,
				C962F18C1BCE9E0C008E294E /* Vendor */,
			);
			path = STTwitter;
			sourceTree = "<group>";
		};
		C962F18C1BCE9E0C008E294E /* Vendor */ = {
			isa = PBXGroup;
			children = (
				C962F18D1BCE9E0C008E294E /* BAVPlistNode.h */,
				C962F18E1BCE9E0C008E294E /* BAVPlistNode.m */,
				C962F18F1BCE9E0C008E294E /* JSONSyntaxHighlight.h */,
				C962F1901BCE9E0C008E294E /* JSONSyntaxHighlight.m */,
				C962F1911BCE9E0C008E294E /* STHTTPRequest.h */,
				C962F1921BCE9E0C008E294E /* STHTTPRequest.m */,
			);
			path = Vendor;
			sourceTree = "<group>";
		};
/* End PBXGroup section */

/* Begin PBXNativeTarget section */
		82171B441BCBBAA3006F7E1D /* SocialAgentDemoApp */ = {
			isa = PBXNativeTarget;
			buildConfigurationList = 82171B571BCBBAA3006F7E1D /* Build configuration list for PBXNativeTarget "SocialAgentDemoApp" */;
			buildPhases = (
				82171B411BCBBAA3006F7E1D /* Sources */,
				82171B421BCBBAA3006F7E1D /* Frameworks */,
				82171B431BCBBAA3006F7E1D /* Resources */,
			);
			buildRules = (
			);
			dependencies = (
			);
			name = SocialAgentDemoApp;
			productName = SocialAgentDemoApp;
			productReference = 82171B451BCBBAA3006F7E1D /* SocialAgentDemoApp.app */;
			productType = "com.apple.product-type.application";
		};
/* End PBXNativeTarget section */

/* Begin PBXProject section */
		82171B3D1BCBBAA3006F7E1D /* Project object */ = {
			isa = PBXProject;
			attributes = {
				LastSwiftUpdateCheck = 0700;
				LastUpgradeCheck = 0700;
				ORGANIZATIONNAME = MittaKarthik;
				TargetAttributes = {
					82171B441BCBBAA3006F7E1D = {
						CreatedOnToolsVersion = 7.0.1;
					};
				};
			};
			buildConfigurationList = 82171B401BCBBAA3006F7E1D /* Build configuration list for PBXProject "SocialAgentDemoApp" */;
			compatibilityVersion = "Xcode 3.2";
			developmentRegion = English;
			hasScannedForEncodings = 0;
			knownRegions = (
				en,
				Base,
			);
			mainGroup = 82171B3C1BCBBAA3006F7E1D;
			productRefGroup = 82171B461BCBBAA3006F7E1D /* Products */;
			projectDirPath = "";
			projectRoot = "";
			targets = (
				82171B441BCBBAA3006F7E1D /* SocialAgentDemoApp */,
			);
		};
/* End PBXProject section */

/* Begin PBXResourcesBuildPhase section */
		82171B431BCBBAA3006F7E1D /* Resources */ = {
			isa = PBXResourcesBuildPhase;
			buildActionMask = 2147483647;
			files = (
				82171B531BCBBAA3006F7E1D /* LaunchScreen.storyboard in Resources */,
				82171B501BCBBAA3006F7E1D /* Assets.xcassets in Resources */,
				82171B4E1BCBBAA3006F7E1D /* Main.storyboard in Resources */,
				826CF9D41BCFCEA70082C748 /* close_icon.png in Resources */,
				82171B871BCBECC4006F7E1D /* LICENSE.txt in Resources */,
				82171B881BCBECC4006F7E1D /* README.txt in Resources */,
				82171B811BCBECC4006F7E1D /* FacebookSDKStrings.bundle in Resources */,
				826CF9D21BCFCBBC0082C748 /* SocialAgentLoginView.xib in Resources */,
			);
			runOnlyForDeploymentPostprocessing = 0;
		};
/* End PBXResourcesBuildPhase section */

/* Begin PBXSourcesBuildPhase section */
		82171B411BCBBAA3006F7E1D /* Sources */ = {
			isa = PBXSourcesBuildPhase;
			buildActionMask = 2147483647;
			files = (
				C962F1951BCE9E0C008E294E /* NSString+STTwitter.m in Sources */,
				82171B5F1BCBBB8F006F7E1D /* SocialAgent.swift in Sources */,
				C962F19C1BCE9E0C008E294E /* STTwitterOSRequest.m in Sources */,
				82171B721BCBE8BD006F7E1D /* YoutubeAgent.swift in Sources */,
				82171B611BCBBBDE006F7E1D /* SocialAgentDelegate.swift in Sources */,
				C962F1981BCE9E0C008E294E /* STTwitterAppOnly.m in Sources */,
				82171B701BCBE8A4006F7E1D /* TwitterAgent.swift in Sources */,
				C962F1A01BCE9E0C008E294E /* STHTTPRequest.m in Sources */,
				C962F19D1BCE9E0C008E294E /* STTwitterStreamParser.m in Sources */,
				82171B6E1BCBE8A4006F7E1D /* FacebookAgent.swift in Sources */,
				C962F19E1BCE9E0C008E294E /* BAVPlistNode.m in Sources */,
				826CF9D61BCFCF860082C748 /* SocialAgentLoginView.swift in Sources */,
				82171B771BCBE95F006F7E1D /* SocialAgentSettings.swift in Sources */,
				827ADCDA1BCCE5BD00E97362 /* SocialAgentDelegateExtension.swift in Sources */,
				C962F1941BCE9E0C008E294E /* NSError+STTwitter.m in Sources */,
				82171B4B1BCBBAA3006F7E1D /* ViewController.swift in Sources */,
				82171B6F1BCBE8A4006F7E1D /* InstagramAgent.swift in Sources */,
				C962F19B1BCE9E0C008E294E /* STTwitterOS.m in Sources */,
				C962F1961BCE9E0C008E294E /* STHTTPRequest+STTwitter.m in Sources */,
				C962F19F1BCE9E0C008E294E /* JSONSyntaxHighlight.m in Sources */,
				C9C47D991BCCFC620000DBC9 /* SocialAgentUserModel.swift in Sources */,
				C962F1971BCE9E0C008E294E /* STTwitterAPI.m in Sources */,
				C9C47D9B1BCD295E0000DBC9 /* LoginDelegate.swift in Sources */,
				82171B491BCBBAA3006F7E1D /* AppDelegate.swift in Sources */,
				C962F1991BCE9E0C008E294E /* STTwitterHTML.m in Sources */,
				C9C47D971BCCFC100000DBC9 /* SocialAgentPersistanceConstants.swift in Sources */,
				C962F19A1BCE9E0C008E294E /* STTwitterOAuth.m in Sources */,
				C962F1931BCE9E0C008E294E /* NSDateFormatter+STTwitter.m in Sources */,
				82171B751BCBE934006F7E1D /* SocialAgentConstants.swift in Sources */,
			);
			runOnlyForDeploymentPostprocessing = 0;
		};
/* End PBXSourcesBuildPhase section */

/* Begin PBXVariantGroup section */
		82171B4C1BCBBAA3006F7E1D /* Main.storyboard */ = {
			isa = PBXVariantGroup;
			children = (
				82171B4D1BCBBAA3006F7E1D /* Base */,
			);
			name = Main.storyboard;
			sourceTree = "<group>";
		};
		82171B511BCBBAA3006F7E1D /* LaunchScreen.storyboard */ = {
			isa = PBXVariantGroup;
			children = (
				82171B521BCBBAA3006F7E1D /* Base */,
			);
			name = LaunchScreen.storyboard;
			sourceTree = "<group>";
		};
/* End PBXVariantGroup section */

/* Begin XCBuildConfiguration section */
		82171B551BCBBAA3006F7E1D /* Debug */ = {
			isa = XCBuildConfiguration;
			buildSettings = {
				ALWAYS_SEARCH_USER_PATHS = NO;
				CLANG_CXX_LANGUAGE_STANDARD = "gnu++0x";
				CLANG_CXX_LIBRARY = "libc++";
				CLANG_ENABLE_MODULES = YES;
				CLANG_ENABLE_OBJC_ARC = YES;
				CLANG_WARN_BOOL_CONVERSION = YES;
				CLANG_WARN_CONSTANT_CONVERSION = YES;
				CLANG_WARN_DIRECT_OBJC_ISA_USAGE = YES_ERROR;
				CLANG_WARN_EMPTY_BODY = YES;
				CLANG_WARN_ENUM_CONVERSION = YES;
				CLANG_WARN_INT_CONVERSION = YES;
				CLANG_WARN_OBJC_ROOT_CLASS = YES_ERROR;
				CLANG_WARN_UNREACHABLE_CODE = YES;
				CLANG_WARN__DUPLICATE_METHOD_MATCH = YES;
				"CODE_SIGN_IDENTITY[sdk=iphoneos*]" = "iPhone Developer";
				COPY_PHASE_STRIP = NO;
				DEBUG_INFORMATION_FORMAT = dwarf;
				ENABLE_STRICT_OBJC_MSGSEND = YES;
				ENABLE_TESTABILITY = YES;
				GCC_C_LANGUAGE_STANDARD = gnu99;
				GCC_DYNAMIC_NO_PIC = NO;
				GCC_NO_COMMON_BLOCKS = YES;
				GCC_OPTIMIZATION_LEVEL = 0;
				GCC_PREPROCESSOR_DEFINITIONS = (
					"DEBUG=1",
					"$(inherited)",
				);
				GCC_WARN_64_TO_32_BIT_CONVERSION = YES;
				GCC_WARN_ABOUT_RETURN_TYPE = YES_ERROR;
				GCC_WARN_UNDECLARED_SELECTOR = YES;
				GCC_WARN_UNINITIALIZED_AUTOS = YES_AGGRESSIVE;
				GCC_WARN_UNUSED_FUNCTION = YES;
				GCC_WARN_UNUSED_VARIABLE = YES;
				IPHONEOS_DEPLOYMENT_TARGET = 9.0;
				MTL_ENABLE_DEBUG_INFO = YES;
				ONLY_ACTIVE_ARCH = YES;
				SDKROOT = iphoneos;
				SWIFT_OPTIMIZATION_LEVEL = "-Onone";
				TARGETED_DEVICE_FAMILY = "1,2";
			};
			name = Debug;
		};
		82171B561BCBBAA3006F7E1D /* Release */ = {
			isa = XCBuildConfiguration;
			buildSettings = {
				ALWAYS_SEARCH_USER_PATHS = NO;
				CLANG_CXX_LANGUAGE_STANDARD = "gnu++0x";
				CLANG_CXX_LIBRARY = "libc++";
				CLANG_ENABLE_MODULES = YES;
				CLANG_ENABLE_OBJC_ARC = YES;
				CLANG_WARN_BOOL_CONVERSION = YES;
				CLANG_WARN_CONSTANT_CONVERSION = YES;
				CLANG_WARN_DIRECT_OBJC_ISA_USAGE = YES_ERROR;
				CLANG_WARN_EMPTY_BODY = YES;
				CLANG_WARN_ENUM_CONVERSION = YES;
				CLANG_WARN_INT_CONVERSION = YES;
				CLANG_WARN_OBJC_ROOT_CLASS = YES_ERROR;
				CLANG_WARN_UNREACHABLE_CODE = YES;
				CLANG_WARN__DUPLICATE_METHOD_MATCH = YES;
				"CODE_SIGN_IDENTITY[sdk=iphoneos*]" = "iPhone Developer";
				COPY_PHASE_STRIP = NO;
				DEBUG_INFORMATION_FORMAT = "dwarf-with-dsym";
				ENABLE_NS_ASSERTIONS = NO;
				ENABLE_STRICT_OBJC_MSGSEND = YES;
				GCC_C_LANGUAGE_STANDARD = gnu99;
				GCC_NO_COMMON_BLOCKS = YES;
				GCC_WARN_64_TO_32_BIT_CONVERSION = YES;
				GCC_WARN_ABOUT_RETURN_TYPE = YES_ERROR;
				GCC_WARN_UNDECLARED_SELECTOR = YES;
				GCC_WARN_UNINITIALIZED_AUTOS = YES_AGGRESSIVE;
				GCC_WARN_UNUSED_FUNCTION = YES;
				GCC_WARN_UNUSED_VARIABLE = YES;
				IPHONEOS_DEPLOYMENT_TARGET = 9.0;
				MTL_ENABLE_DEBUG_INFO = NO;
				SDKROOT = iphoneos;
				TARGETED_DEVICE_FAMILY = "1,2";
				VALIDATE_PRODUCT = YES;
			};
			name = Release;
		};
		82171B581BCBBAA3006F7E1D /* Debug */ = {
			isa = XCBuildConfiguration;
			buildSettings = {
				ASSETCATALOG_COMPILER_APPICON_NAME = AppIcon;
				CLANG_ENABLE_MODULES = YES;
				FRAMEWORK_SEARCH_PATHS = (
					"$(inherited)",
					"$(SRCROOT)",
					"../SocialAgentSDK/**",
				);
				INFOPLIST_FILE = SocialAgentDemoApp/Info.plist;
				LD_RUNPATH_SEARCH_PATHS = "$(inherited) @executable_path/Frameworks";
				PRODUCT_BUNDLE_IDENTIFIER = com.karthikmitta.SocialAgentDemoApp;
				PRODUCT_NAME = "$(TARGET_NAME)";
				SWIFT_OBJC_BRIDGING_HEADER = "SocialAgentDemoApp/SocialAgentDemoApp-Bridging-Header.h";
				SWIFT_OPTIMIZATION_LEVEL = "-Onone";
			};
			name = Debug;
		};
		82171B591BCBBAA3006F7E1D /* Release */ = {
			isa = XCBuildConfiguration;
			buildSettings = {
				ASSETCATALOG_COMPILER_APPICON_NAME = AppIcon;
				CLANG_ENABLE_MODULES = YES;
				FRAMEWORK_SEARCH_PATHS = (
					"$(inherited)",
					"$(SRCROOT)",
					"../SocialAgentSDK/**",
				);
				INFOPLIST_FILE = SocialAgentDemoApp/Info.plist;
				LD_RUNPATH_SEARCH_PATHS = "$(inherited) @executable_path/Frameworks";
				PRODUCT_BUNDLE_IDENTIFIER = com.karthikmitta.SocialAgentDemoApp;
				PRODUCT_NAME = "$(TARGET_NAME)";
				SWIFT_OBJC_BRIDGING_HEADER = "SocialAgentDemoApp/SocialAgentDemoApp-Bridging-Header.h";
			};
			name = Release;
		};
/* End XCBuildConfiguration section */

/* Begin XCConfigurationList section */
		82171B401BCBBAA3006F7E1D /* Build configuration list for PBXProject "SocialAgentDemoApp" */ = {
			isa = XCConfigurationList;
			buildConfigurations = (
				82171B551BCBBAA3006F7E1D /* Debug */,
				82171B561BCBBAA3006F7E1D /* Release */,
			);
			defaultConfigurationIsVisible = 0;
			defaultConfigurationName = Release;
		};
		82171B571BCBBAA3006F7E1D /* Build configuration list for PBXNativeTarget "SocialAgentDemoApp" */ = {
			isa = XCConfigurationList;
			buildConfigurations = (
				82171B581BCBBAA3006F7E1D /* Debug */,
				82171B591BCBBAA3006F7E1D /* Release */,
			);
			defaultConfigurationIsVisible = 0;
			defaultConfigurationName = Release;
		};
/* End XCConfigurationList section */
	};
	rootObject = 82171B3D1BCBBAA3006F7E1D /* Project object */;
}
